<?xml version="1.0" encoding="utf-8"?>
<Project ToolsVersion="4.0" xmlns="http://schemas.microsoft.com/developer/msbuild/2003">
  <ItemGroup>
    <Filter Include="소스 파일">
      <UniqueIdentifier>{4FC737F1-C7A5-4376-A066-2A32D752A2FF}</UniqueIdentifier>
      <Extensions>cpp;c;cc;cxx;c++;cppm;ixx;def;odl;idl;hpj;bat;asm;asmx</Extensions>
    </Filter>
    <Filter Include="헤더 파일">
      <UniqueIdentifier>{93995380-89BD-4b04-88EB-625FBE52EBFB}</UniqueIdentifier>
      <Extensions>h;hh;hpp;hxx;h++;hm;inl;inc;ipp;xsd</Extensions>
    </Filter>
    <Filter Include="리소스 파일">
      <UniqueIdentifier>{67DA6AB6-F800-4c08-8B7A-83BB121AAD01}</UniqueIdentifier>
      <Extensions>rc;ico;cur;bmp;dlg;rc2;rct;bin;rgs;gif;jpg;jpeg;jpe;resx;tiff;tif;png;wav;mfcribbon-ms</Extensions>
    </Filter>
    <Filter Include="App">
      <UniqueIdentifier>{c0bf71e7-1d05-474d-88e6-7d8d34625a2a}</UniqueIdentifier>
    </Filter>
    <Filter Include="Resource">
      <UniqueIdentifier>{590762ac-42e2-49e7-943f-26851f45d7df}</UniqueIdentifier>
    </Filter>
    <Filter Include="Resource\Texture">
      <UniqueIdentifier>{0df7cfc1-d914-470b-86e1-31ab57457c38}</UniqueIdentifier>
    </Filter>
    <Filter Include="Time">
      <UniqueIdentifier>{93358ae8-0def-4f1f-9a9e-6215a98ad2a7}</UniqueIdentifier>
    </Filter>
    <Filter Include="Input">
      <UniqueIdentifier>{3bb7b734-4232-4934-8b83-11336ceb026f}</UniqueIdentifier>
    </Filter>
    <Filter Include="GraphicDevice">
      <UniqueIdentifier>{12bc3ab4-de6e-49c0-9ca2-6ea105dd1d21}</UniqueIdentifier>
    </Filter>
    <Filter Include="Resource\Shader">
      <UniqueIdentifier>{806831b7-1f1f-4aee-81a7-02726a5e45ad}</UniqueIdentifier>
    </Filter>
    <Filter Include="Resource\Material">
      <UniqueIdentifier>{38cbbe14-e830-47d6-90ac-b4928fe9335b}</UniqueIdentifier>
    </Filter>
    <Filter Include="Resource\Mesh">
      <UniqueIdentifier>{584f7279-b330-44cb-bfbc-7ac1abd639dd}</UniqueIdentifier>
    </Filter>
    <Filter Include="Graphic">
      <UniqueIdentifier>{c35dcc29-da59-4495-9be4-0bf459ae93b9}</UniqueIdentifier>
    </Filter>
    <Filter Include="Common">
      <UniqueIdentifier>{75333d50-b30a-4c2c-b638-23d3d83c7825}</UniqueIdentifier>
    </Filter>
    <Filter Include="ShaderResource">
      <UniqueIdentifier>{bbb81f9a-33bb-42bc-a694-bd1173796d15}</UniqueIdentifier>
    </Filter>
    <Filter Include="GameObject">
      <UniqueIdentifier>{14384661-6f66-4e6e-a01f-63318cad43fe}</UniqueIdentifier>
    </Filter>
    <Filter Include="Component">
      <UniqueIdentifier>{21a4bb4b-850c-4488-b23a-331932e5922a}</UniqueIdentifier>
    </Filter>
    <Filter Include="Component\Base">
      <UniqueIdentifier>{1f49e4ae-6893-4625-ba6c-7f78748d1a66}</UniqueIdentifier>
    </Filter>
    <Filter Include="GameObject\Base">
      <UniqueIdentifier>{c58622d2-8c80-4f01-8dfa-e4dbd1b050a3}</UniqueIdentifier>
    </Filter>
    <Filter Include="Component\Renderer">
      <UniqueIdentifier>{0a36c19c-bae2-4c2c-9d98-fe295e4a2da6}</UniqueIdentifier>
    </Filter>
    <Filter Include="Component\Renderer\Base">
      <UniqueIdentifier>{a23d680b-9887-4bfb-bc82-7e850ccfe616}</UniqueIdentifier>
    </Filter>
    <Filter Include="Component\Renderer\SpriteRenderer">
      <UniqueIdentifier>{3f7b0b9b-31dd-4e1b-96a8-5e6ff857255d}</UniqueIdentifier>
    </Filter>
  </ItemGroup>
  <ItemGroup>
    <ClInclude Include="framework.h">
      <Filter>헤더 파일</Filter>
    </ClInclude>
    <ClInclude Include="targetver.h">
      <Filter>헤더 파일</Filter>
    </ClInclude>
    <ClInclude Include="Resource.h">
      <Filter>헤더 파일</Filter>
    </ClInclude>
    <ClInclude Include="DirectExperiment.h">
      <Filter>헤더 파일</Filter>
    </ClInclude>
    <ClInclude Include="jhD3DApp.h">
      <Filter>App</Filter>
    </ClInclude>
    <ClInclude Include="jhTexture.h">
      <Filter>Resource\Texture</Filter>
    </ClInclude>
    <ClInclude Include="jhTime.h">
      <Filter>Time</Filter>
    </ClInclude>
    <ClInclude Include="jhInput.h">
      <Filter>Input</Filter>
    </ClInclude>
    <ClInclude Include="jhGraphicDeviceDX11.h">
      <Filter>GraphicDevice</Filter>
    </ClInclude>
    <ClInclude Include="jhGraphics.h">
      <Filter>Graphic</Filter>
    </ClInclude>
    <ClInclude Include="jhMesh.h">
      <Filter>Resource\Mesh</Filter>
    </ClInclude>
    <ClInclude Include="jhEngine.h">
      <Filter>Common</Filter>
    </ClInclude>
    <ClInclude Include="jhShader.h">
      <Filter>Resource\Shader</Filter>
    </ClInclude>
    <ClInclude Include="jhComponent.h">
      <Filter>Component\Base</Filter>
    </ClInclude>
    <ClInclude Include="jhGameObject.h">
      <Filter>GameObject\Base</Filter>
    </ClInclude>
    <ClInclude Include="jhRenderer.h">
      <Filter>Component\Renderer\Base</Filter>
    </ClInclude>
    <ClInclude Include="jhSpriteRenderer.h">
      <Filter>Component\Renderer\SpriteRenderer</Filter>
    </ClInclude>
    <ClInclude Include="jhMaterial.h">
      <Filter>Resource\Material</Filter>
    </ClInclude>
  </ItemGroup>
  <ItemGroup>
    <ClCompile Include="Main.cpp">
      <Filter>소스 파일</Filter>
    </ClCompile>
    <ClCompile Include="jhD3DApp.cpp">
      <Filter>App</Filter>
    </ClCompile>
    <ClCompile Include="jhTexture.cpp">
      <Filter>Resource\Texture</Filter>
    </ClCompile>
    <ClCompile Include="jhTime.cpp">
      <Filter>Time</Filter>
    </ClCompile>
    <ClCompile Include="jhInput.cpp">
      <Filter>Input</Filter>
    </ClCompile>
    <ClCompile Include="jhGraphicDeviceDX11.cpp">
      <Filter>GraphicDevice</Filter>
    </ClCompile>
    <ClCompile Include="jhMesh.cpp">
      <Filter>Resource\Mesh</Filter>
    </ClCompile>
    <ClCompile Include="jhShader.cpp">
      <Filter>Resource\Shader</Filter>
    </ClCompile>
    <ClCompile Include="jhEnums.h">
      <Filter>Common</Filter>
    </ClCompile>
    <ClCompile Include="jhComponent.cpp">
      <Filter>Component\Base</Filter>
    </ClCompile>
    <ClCompile Include="jhGameObject.cpp">
      <Filter>GameObject\Base</Filter>
    </ClCompile>
    <ClCompile Include="jhRenderer.cpp">
      <Filter>Component\Renderer\Base</Filter>
    </ClCompile>
    <ClCompile Include="jhSpriteRenderer.cpp">
      <Filter>Component\Renderer\SpriteRenderer</Filter>
    </ClCompile>
    <ClCompile Include="jhMaterial.cpp">
      <Filter>Resource\Material</Filter>
    </ClCompile>
  </ItemGroup>
  <ItemGroup>
    <ResourceCompile Include="DirectExperiment.rc">
      <Filter>리소스 파일</Filter>
    </ResourceCompile>
  </ItemGroup>
  <ItemGroup>
    <Image Include="small.ico">
      <Filter>리소스 파일</Filter>
    </Image>
    <Image Include="DirectExperiment.ico">
      <Filter>리소스 파일</Filter>
    </Image>
  </ItemGroup>
  <ItemGroup>
    <FxCompile Include="jhVertexShader.hlsl">
      <Filter>ShaderResource</Filter>
    </FxCompile>
    <FxCompile Include="jhPixelShader.hlsl">
      <Filter>ShaderResource</Filter>
    </FxCompile>
  </ItemGroup>
  <ItemGroup>
    <None Include="packages.config" />
  </ItemGroup>
</Project>